// !$*UTF8*$!
{
	archiveVersion = 1;
	classes = {
	};
	objectVersion = 56;
	objects = {

/* Begin PBXBuildFile section */
		C2518ED22BE62E4800061D51 /* AppDelegate.swift in Sources */ = {isa = PBXBuildFile; fileRef = C2518ED12BE62E4800061D51 /* AppDelegate.swift */; };
		C2518ED42BE62E4800061D51 /* SceneDelegate.swift in Sources */ = {isa = PBXBuildFile; fileRef = C2518ED32BE62E4800061D51 /* SceneDelegate.swift */; };
		C2518ED62BE62E4800061D51 /* ImageViewController.swift in Sources */ = {isa = PBXBuildFile; fileRef = C2518ED52BE62E4800061D51 /* ImageViewController.swift */; };
		C2518ED92BE62E4800061D51 /* Main.storyboard in Resources */ = {isa = PBXBuildFile; fileRef = C2518ED72BE62E4800061D51 /* Main.storyboard */; };
		C2518EDB2BE62E4A00061D51 /* Assets.xcassets in Resources */ = {isa = PBXBuildFile; fileRef = C2518EDA2BE62E4A00061D51 /* Assets.xcassets */; };
		C2518EDE2BE62E4A00061D51 /* LaunchScreen.storyboard in Resources */ = {isa = PBXBuildFile; fileRef = C2518EDC2BE62E4A00061D51 /* LaunchScreen.storyboard */; };
		C2518EE62BE6642E00061D51 /* ImageCollectionViewCell.swift in Sources */ = {isa = PBXBuildFile; fileRef = C2518EE52BE6642E00061D51 /* ImageCollectionViewCell.swift */; };
		C2518EEB2BE6CFE500061D51 /* GeneralViewController.swift in Sources */ = {isa = PBXBuildFile; fileRef = C2518EEA2BE6CFE500061D51 /* GeneralViewController.swift */; };
		C2518EED2BE6D20F00061D51 /* APIService.swift in Sources */ = {isa = PBXBuildFile; fileRef = C2518EEC2BE6D20F00061D51 /* APIService.swift */; };
		C2518EEF2BE6DBC400061D51 /* Spinner.swift in Sources */ = {isa = PBXBuildFile; fileRef = C2518EEE2BE6DBC400061D51 /* Spinner.swift */; };
		C2518EF12BE6DED900061D51 /* SwiftyJSON.framework in Frameworks */ = {isa = PBXBuildFile; fileRef = C2518EF02BE6DED900061D51 /* SwiftyJSON.framework */; settings = {ATTRIBUTES = (Weak, ); }; };
		C28CFB2C2BE7A6EC0025701C /* APIModal.swift in Sources */ = {isa = PBXBuildFile; fileRef = C28CFB2B2BE7A6EC0025701C /* APIModal.swift */; };
		D052D1C42ED820D9DA6072B0 /* Pods_ImageGridApp.framework in Frameworks */ = {isa = PBXBuildFile; fileRef = A16DF74D7CA007123CE1C0EE /* Pods_ImageGridApp.framework */; };
/* End PBXBuildFile section */

/* Begin PBXFileReference section */
		A16DF74D7CA007123CE1C0EE /* Pods_ImageGridApp.framework */ = {isa = PBXFileReference; explicitFileType = wrapper.framework; includeInIndex = 0; path = Pods_ImageGridApp.framework; sourceTree = BUILT_PRODUCTS_DIR; };
		A5876FD62B1846508612A50D /* Pods-ImageGridApp.debug.xcconfig */ = {isa = PBXFileReference; includeInIndex = 1; lastKnownFileType = text.xcconfig; name = "Pods-ImageGridApp.debug.xcconfig"; path = "Target Support Files/Pods-ImageGridApp/Pods-ImageGridApp.debug.xcconfig"; sourceTree = "<group>"; };
		A60C7E10A03FF6143E7D1651 /* Pods-ImageGridApp.release.xcconfig */ = {isa = PBXFileReference; includeInIndex = 1; lastKnownFileType = text.xcconfig; name = "Pods-ImageGridApp.release.xcconfig"; path = "Target Support Files/Pods-ImageGridApp/Pods-ImageGridApp.release.xcconfig"; sourceTree = "<group>"; };
		C2518ECE2BE62E4800061D51 /* ImageGridApp.app */ = {isa = PBXFileReference; explicitFileType = wrapper.application; includeInIndex = 0; path = ImageGridApp.app; sourceTree = BUILT_PRODUCTS_DIR; };
		C2518ED12BE62E4800061D51 /* AppDelegate.swift */ = {isa = PBXFileReference; lastKnownFileType = sourcecode.swift; path = AppDelegate.swift; sourceTree = "<group>"; };
		C2518ED32BE62E4800061D51 /* SceneDelegate.swift */ = {isa = PBXFileReference; lastKnownFileType = sourcecode.swift; path = SceneDelegate.swift; sourceTree = "<group>"; };
		C2518ED52BE62E4800061D51 /* ImageViewController.swift */ = {isa = PBXFileReference; lastKnownFileType = sourcecode.swift; path = ImageViewController.swift; sourceTree = "<group>"; };
		C2518ED82BE62E4800061D51 /* Base */ = {isa = PBXFileReference; lastKnownFileType = file.storyboard; name = Base; path = Base.lproj/Main.storyboard; sourceTree = "<group>"; };
		C2518EDA2BE62E4A00061D51 /* Assets.xcassets */ = {isa = PBXFileReference; lastKnownFileType = folder.assetcatalog; path = Assets.xcassets; sourceTree = "<group>"; };
		C2518EDD2BE62E4A00061D51 /* Base */ = {isa = PBXFileReference; lastKnownFileType = file.storyboard; name = Base; path = Base.lproj/LaunchScreen.storyboard; sourceTree = "<group>"; };
		C2518EDF2BE62E4A00061D51 /* Info.plist */ = {isa = PBXFileReference; lastKnownFileType = text.plist.xml; path = Info.plist; sourceTree = "<group>"; };
		C2518EE52BE6642E00061D51 /* ImageCollectionViewCell.swift */ = {isa = PBXFileReference; lastKnownFileType = sourcecode.swift; path = ImageCollectionViewCell.swift; sourceTree = "<group>"; };
		C2518EEA2BE6CFE500061D51 /* GeneralViewController.swift */ = {isa = PBXFileReference; lastKnownFileType = sourcecode.swift; path = GeneralViewController.swift; sourceTree = "<group>"; };
		C2518EEC2BE6D20F00061D51 /* APIService.swift */ = {isa = PBXFileReference; lastKnownFileType = sourcecode.swift; path = APIService.swift; sourceTree = "<group>"; };
		C2518EEE2BE6DBC400061D51 /* Spinner.swift */ = {isa = PBXFileReference; lastKnownFileType = sourcecode.swift; path = Spinner.swift; sourceTree = "<group>"; };
		C2518EF02BE6DED900061D51 /* SwiftyJSON.framework */ = {isa = PBXFileReference; explicitFileType = wrapper.framework; path = SwiftyJSON.framework; sourceTree = BUILT_PRODUCTS_DIR; };
		C28CFB2B2BE7A6EC0025701C /* APIModal.swift */ = {isa = PBXFileReference; lastKnownFileType = sourcecode.swift; path = APIModal.swift; sourceTree = "<group>"; };
/* End PBXFileReference section */

/* Begin PBXFrameworksBuildPhase section */
		C2518ECB2BE62E4800061D51 /* Frameworks */ = {
			isa = PBXFrameworksBuildPhase;
			buildActionMask = 2147483647;
			files = (
				C2518EF12BE6DED900061D51 /* SwiftyJSON.framework in Frameworks */,
				D052D1C42ED820D9DA6072B0 /* Pods_ImageGridApp.framework in Frameworks */,
			);
			runOnlyForDeploymentPostprocessing = 0;
		};
/* End PBXFrameworksBuildPhase section */

/* Begin PBXGroup section */
		21E4BDE13897CF3520AAEAB9 /* Frameworks */ = {
			isa = PBXGroup;
			children = (
				C2518EF02BE6DED900061D51 /* SwiftyJSON.framework */,
				A16DF74D7CA007123CE1C0EE /* Pods_ImageGridApp.framework */,
			);
			name = Frameworks;
			sourceTree = "<group>";
		};
		963BE881066A19A86C5615B8 /* Pods */ = {
			isa = PBXGroup;
			children = (
				A5876FD62B1846508612A50D /* Pods-ImageGridApp.debug.xcconfig */,
				A60C7E10A03FF6143E7D1651 /* Pods-ImageGridApp.release.xcconfig */,
			);
			path = Pods;
			sourceTree = "<group>";
		};
		C2518EC52BE62E4800061D51 = {
			isa = PBXGroup;
			children = (
				C2518ED02BE62E4800061D51 /* ImageGridApp */,
				C2518ECF2BE62E4800061D51 /* Products */,
				963BE881066A19A86C5615B8 /* Pods */,
				21E4BDE13897CF3520AAEAB9 /* Frameworks */,
			);
			sourceTree = "<group>";
		};
		C2518ECF2BE62E4800061D51 /* Products */ = {
			isa = PBXGroup;
			children = (
				C2518ECE2BE62E4800061D51 /* ImageGridApp.app */,
			);
			name = Products;
			sourceTree = "<group>";
		};
		C2518ED02BE62E4800061D51 /* ImageGridApp */ = {
			isa = PBXGroup;
			children = (
				C2518ED12BE62E4800061D51 /* AppDelegate.swift */,
				C2518ED32BE62E4800061D51 /* SceneDelegate.swift */,
				C2518EE92BE664B400061D51 /* Modal */,
				C2518EE82BE664AC00061D51 /* View */,
				C2518EE72BE6649B00061D51 /* Controller */,
				C2518EDA2BE62E4A00061D51 /* Assets.xcassets */,
				C2518EDF2BE62E4A00061D51 /* Info.plist */,
			);
			path = ImageGridApp;
			sourceTree = "<group>";
		};
		C2518EE72BE6649B00061D51 /* Controller */ = {
			isa = PBXGroup;
			children = (
				C2518EE52BE6642E00061D51 /* ImageCollectionViewCell.swift */,
				C2518ED52BE62E4800061D51 /* ImageViewController.swift */,
			);
			path = Controller;
			sourceTree = "<group>";
		};
		C2518EE82BE664AC00061D51 /* View */ = {
			isa = PBXGroup;
			children = (
				C2518ED72BE62E4800061D51 /* Main.storyboard */,
				C2518EDC2BE62E4A00061D51 /* LaunchScreen.storyboard */,
			);
			path = View;
			sourceTree = "<group>";
		};
		C2518EE92BE664B400061D51 /* Modal */ = {
			isa = PBXGroup;
			children = (
				C2518EEA2BE6CFE500061D51 /* GeneralViewController.swift */,
				C2518EEE2BE6DBC400061D51 /* Spinner.swift */,
				C28CFB2B2BE7A6EC0025701C /* APIModal.swift */,
				C2518EEC2BE6D20F00061D51 /* APIService.swift */,
			);
			path = Modal;
			sourceTree = "<group>";
		};
/* End PBXGroup section */

/* Begin PBXNativeTarget section */
		C2518ECD2BE62E4800061D51 /* ImageGridApp */ = {
			isa = PBXNativeTarget;
			buildConfigurationList = C2518EE22BE62E4A00061D51 /* Build configuration list for PBXNativeTarget "ImageGridApp" */;
			buildPhases = (
				077CAC15FCDE8B8748EF82B3 /* [CP] Check Pods Manifest.lock */,
				C2518ECA2BE62E4800061D51 /* Sources */,
				C2518ECB2BE62E4800061D51 /* Frameworks */,
				C2518ECC2BE62E4800061D51 /* Resources */,
				44F0A775E7C2510824F58020 /* [CP] Embed Pods Frameworks */,
			);
			buildRules = (
			);
			dependencies = (
			);
			name = ImageGridApp;
			productName = ImageGridApp;
			productReference = C2518ECE2BE62E4800061D51 /* ImageGridApp.app */;
			productType = "com.apple.product-type.application";
		};
/* End PBXNativeTarget section */

/* Begin PBXProject section */
		C2518EC62BE62E4800061D51 /* Project object */ = {
			isa = PBXProject;
			attributes = {
				BuildIndependentTargetsInParallel = 1;
				LastSwiftUpdateCheck = 1510;
				LastUpgradeCheck = 1510;
				TargetAttributes = {
					C2518ECD2BE62E4800061D51 = {
						CreatedOnToolsVersion = 15.1;
					};
				};
			};
			buildConfigurationList = C2518EC92BE62E4800061D51 /* Build configuration list for PBXProject "ImageGridApp" */;
			compatibilityVersion = "Xcode 14.0";
			developmentRegion = en;
			hasScannedForEncodings = 0;
			knownRegions = (
				en,
				Base,
			);
			mainGroup = C2518EC52BE62E4800061D51;
			productRefGroup = C2518ECF2BE62E4800061D51 /* Products */;
			projectDirPath = "";
			projectRoot = "";
			targets = (
				C2518ECD2BE62E4800061D51 /* ImageGridApp */,
			);
		};
/* End PBXProject section */

/* Begin PBXResourcesBuildPhase section */
		C2518ECC2BE62E4800061D51 /* Resources */ = {
			isa = PBXResourcesBuildPhase;
			buildActionMask = 2147483647;
			files = (
				C2518EDE2BE62E4A00061D51 /* LaunchScreen.storyboard in Resources */,
				C2518EDB2BE62E4A00061D51 /* Assets.xcassets in Resources */,
				C2518ED92BE62E4800061D51 /* Main.storyboard in Resources */,
			);
			runOnlyForDeploymentPostprocessing = 0;
		};
/* End PBXResourcesBuildPhase section */

/* Begin PBXShellScriptBuildPhase section */
		077CAC15FCDE8B8748EF82B3 /* [CP] Check Pods Manifest.lock */ = {
			isa = PBXShellScriptBuildPhase;
			buildActionMask = 2147483647;
			files = (
			);
			inputFileListPaths = (
			);
			inputPaths = (
				"${PODS_PODFILE_DIR_PATH}/Podfile.lock",
				"${PODS_ROOT}/Manifest.lock",
			);
			name = "[CP] Check Pods Manifest.lock";
			outputFileListPaths = (
			);
			outputPaths = (
				"$(DERIVED_FILE_DIR)/Pods-ImageGridApp-checkManifestLockResult.txt",
			);
			runOnlyForDeploymentPostprocessing = 0;
			shellPath = /bin/sh;
			shellScript = "diff \"${PODS_PODFILE_DIR_PATH}/Podfile.lock\" \"${PODS_ROOT}/Manifest.lock\" > /dev/null\nif [ $? != 0 ] ; then\n    # print error to STDERR\n    echo \"error: The sandbox is not in sync with the Podfile.lock. Run 'pod install' or update your CocoaPods installation.\" >&2\n    exit 1\nfi\n# This output is used by Xcode 'outputs' to avoid re-running this script phase.\necho \"SUCCESS\" > \"${SCRIPT_OUTPUT_FILE_0}\"\n";
			showEnvVarsInLog = 0;
		};
		44F0A775E7C2510824F58020 /* [CP] Embed Pods Frameworks */ = {
			isa = PBXShellScriptBuildPhase;
			buildActionMask = 8;
			files = (
			);
			inputFileListPaths = (
				"${PODS_ROOT}/Target Support Files/Pods-ImageGridApp/Pods-ImageGridApp-frameworks-${CONFIGURATION}-input-files.xcfilelist",
			);
			name = "[CP] Embed Pods Frameworks";
			outputFileListPaths = (
				"${PODS_ROOT}/Target Support Files/Pods-ImageGridApp/Pods-ImageGridApp-frameworks-${CONFIGURATION}-output-files.xcfilelist",
			);
			runOnlyForDeploymentPostprocessing = 1;
			shellPath = /bin/sh;
			shellScript = "\"${PODS_ROOT}/Target Support Files/Pods-ImageGridApp/Pods-ImageGridApp-frameworks.sh\"\n";
			showEnvVarsInLog = 0;
		};
/* End PBXShellScriptBuildPhase section */

/* Begin PBXSourcesBuildPhase section */
		C2518ECA2BE62E4800061D51 /* Sources */ = {
			isa = PBXSourcesBuildPhase;
			buildActionMask = 2147483647;
			files = (
				C28CFB2C2BE7A6EC0025701C /* APIModal.swift in Sources */,
				C2518ED62BE62E4800061D51 /* ImageViewController.swift in Sources */,
				C2518ED22BE62E4800061D51 /* AppDelegate.swift in Sources */,
				C2518EED2BE6D20F00061D51 /* APIService.swift in Sources */,
				C2518EEF2BE6DBC400061D51 /* Spinner.swift in Sources */,
				C2518EEB2BE6CFE500061D51 /* GeneralViewController.swift in Sources */,
				C2518EE62BE6642E00061D51 /* ImageCollectionViewCell.swift in Sources */,
				C2518ED42BE62E4800061D51 /* SceneDelegate.swift in Sources */,
			);
			runOnlyForDeploymentPostprocessing = 0;
		};
/* End PBXSourcesBuildPhase section */

/* Begin PBXVariantGroup section */
		C2518ED72BE62E4800061D51 /* Main.storyboard */ = {
			isa = PBXVariantGroup;
			children = (
				C2518ED82BE62E4800061D51 /* Base */,
			);
			name = Main.storyboard;
			sourceTree = "<group>";
		};
		C2518EDC2BE62E4A00061D51 /* LaunchScreen.storyboard */ = {
			isa = PBXVariantGroup;
			children = (
				C2518EDD2BE62E4A00061D51 /* Base */,
			);
			name = LaunchScreen.storyboard;
			sourceTree = "<group>";
		};
/* End PBXVariantGroup section */

/* Begin XCBuildConfiguration section */
		C2518EE02BE62E4A00061D51 /* Debug */ = {
			isa = XCBuildConfiguration;
			buildSettings = {
				ALWAYS_EMBED_SWIFT_STANDARD_LIBRARIES = YES;
				ALWAYS_SEARCH_USER_PATHS = NO;
				ASSETCATALOG_COMPILER_GENERATE_SWIFT_ASSET_SYMBOL_EXTENSIONS = YES;
				CLANG_ANALYZER_NONNULL = YES;
				CLANG_ANALYZER_NUMBER_OBJECT_CONVERSION = YES_AGGRESSIVE;
				CLANG_CXX_LANGUAGE_STANDARD = "gnu++20";
				CLANG_ENABLE_MODULES = YES;
				CLANG_ENABLE_OBJC_ARC = YES;
				CLANG_ENABLE_OBJC_WEAK = YES;
				CLANG_WARN_BLOCK_CAPTURE_AUTORELEASING = YES;
				CLANG_WARN_BOOL_CONVERSION = YES;
				CLANG_WARN_COMMA = YES;
				CLANG_WARN_CONSTANT_CONVERSION = YES;
				CLANG_WARN_DEPRECATED_OBJC_IMPLEMENTATIONS = YES;
				CLANG_WARN_DIRECT_OBJC_ISA_USAGE = YES_ERROR;
				CLANG_WARN_DOCUMENTATION_COMMENTS = YES;
				CLANG_WARN_EMPTY_BODY = YES;
				CLANG_WARN_ENUM_CONVERSION = YES;
				CLANG_WARN_INFINITE_RECURSION = YES;
				CLANG_WARN_INT_CONVERSION = YES;
				CLANG_WARN_NON_LITERAL_NULL_CONVERSION = YES;
				CLANG_WARN_OBJC_IMPLICIT_RETAIN_SELF = YES;
				CLANG_WARN_OBJC_LITERAL_CONVERSION = YES;
				CLANG_WARN_OBJC_ROOT_CLASS = YES_ERROR;
				CLANG_WARN_QUOTED_INCLUDE_IN_FRAMEWORK_HEADER = YES;
				CLANG_WARN_RANGE_LOOP_ANALYSIS = YES;
				CLANG_WARN_STRICT_PROTOTYPES = YES;
				CLANG_WARN_SUSPICIOUS_MOVE = YES;
				CLANG_WARN_UNGUARDED_AVAILABILITY = YES_AGGRESSIVE;
				CLANG_WARN_UNREACHABLE_CODE = YES;
				CLANG_WARN__DUPLICATE_METHOD_MATCH = YES;
				COPY_PHASE_STRIP = NO;
				DEBUG_INFORMATION_FORMAT = dwarf;
				ENABLE_STRICT_OBJC_MSGSEND = YES;
				ENABLE_TESTABILITY = YES;
				ENABLE_USER_SCRIPT_SANDBOXING = YES;
				GCC_C_LANGUAGE_STANDARD = gnu17;
				GCC_DYNAMIC_NO_PIC = NO;
				GCC_NO_COMMON_BLOCKS = YES;
				GCC_OPTIMIZATION_LEVEL = 0;
				GCC_PREPROCESSOR_DEFINITIONS = (
					"DEBUG=1",
					"$(inherited)",
				);
				GCC_WARN_64_TO_32_BIT_CONVERSION = YES;
				GCC_WARN_ABOUT_RETURN_TYPE = YES_ERROR;
				GCC_WARN_UNDECLARED_SELECTOR = YES;
				GCC_WARN_UNINITIALIZED_AUTOS = YES_AGGRESSIVE;
				GCC_WARN_UNUSED_FUNCTION = YES;
				GCC_WARN_UNUSED_VARIABLE = YES;
				IPHONEOS_DEPLOYMENT_TARGET = 17.2;
				LOCALIZATION_PREFERS_STRING_CATALOGS = YES;
				MTL_ENABLE_DEBUG_INFO = INCLUDE_SOURCE;
				MTL_FAST_MATH = YES;
				ONLY_ACTIVE_ARCH = YES;
				SDKROOT = iphoneos;
				SWIFT_ACTIVE_COMPILATION_CONDITIONS = "DEBUG $(inherited)";
				SWIFT_OPTIMIZATION_LEVEL = "-Onone";
			};
			name = Debug;
		};
		C2518EE12BE62E4A00061D51 /* Release */ = {
			isa = XCBuildConfiguration;
			buildSettings = {
				ALWAYS_EMBED_SWIFT_STANDARD_LIBRARIES = YES;
				ALWAYS_SEARCH_USER_PATHS = NO;
				ASSETCATALOG_COMPILER_GENERATE_SWIFT_ASSET_SYMBOL_EXTENSIONS = YES;
				CLANG_ANALYZER_NONNULL = YES;
				CLANG_ANALYZER_NUMBER_OBJECT_CONVERSION = YES_AGGRESSIVE;
				CLANG_CXX_LANGUAGE_STANDARD = "gnu++20";
				CLANG_ENABLE_MODULES = YES;
				CLANG_ENABLE_OBJC_ARC = YES;
				CLANG_ENABLE_OBJC_WEAK = YES;
				CLANG_WARN_BLOCK_CAPTURE_AUTORELEASING = YES;
				CLANG_WARN_BOOL_CONVERSION = YES;
				CLANG_WARN_COMMA = YES;
				CLANG_WARN_CONSTANT_CONVERSION = YES;
				CLANG_WARN_DEPRECATED_OBJC_IMPLEMENTATIONS = YES;
				CLANG_WARN_DIRECT_OBJC_ISA_USAGE = YES_ERROR;
				CLANG_WARN_DOCUMENTATION_COMMENTS = YES;
				CLANG_WARN_EMPTY_BODY = YES;
				CLANG_WARN_ENUM_CONVERSION = YES;
				CLANG_WARN_INFINITE_RECURSION = YES;
				CLANG_WARN_INT_CONVERSION = YES;
				CLANG_WARN_NON_LITERAL_NULL_CONVERSION = YES;
				CLANG_WARN_OBJC_IMPLICIT_RETAIN_SELF = YES;
				CLANG_WARN_OBJC_LITERAL_CONVERSION = YES;
				CLANG_WARN_OBJC_ROOT_CLASS = YES_ERROR;
				CLANG_WARN_QUOTED_INCLUDE_IN_FRAMEWORK_HEADER = YES;
				CLANG_WARN_RANGE_LOOP_ANALYSIS = YES;
				CLANG_WARN_STRICT_PROTOTYPES = YES;
				CLANG_WARN_SUSPICIOUS_MOVE = YES;
				CLANG_WARN_UNGUARDED_AVAILABILITY = YES_AGGRESSIVE;
				CLANG_WARN_UNREACHABLE_CODE = YES;
				CLANG_WARN__DUPLICATE_METHOD_MATCH = YES;
				COPY_PHASE_STRIP = NO;
				DEBUG_INFORMATION_FORMAT = "dwarf-with-dsym";
				ENABLE_NS_ASSERTIONS = NO;
				ENABLE_STRICT_OBJC_MSGSEND = YES;
				ENABLE_USER_SCRIPT_SANDBOXING = YES;
				GCC_C_LANGUAGE_STANDARD = gnu17;
				GCC_NO_COMMON_BLOCKS = YES;
				GCC_WARN_64_TO_32_BIT_CONVERSION = YES;
				GCC_WARN_ABOUT_RETURN_TYPE = YES_ERROR;
				GCC_WARN_UNDECLARED_SELECTOR = YES;
				GCC_WARN_UNINITIALIZED_AUTOS = YES_AGGRESSIVE;
				GCC_WARN_UNUSED_FUNCTION = YES;
				GCC_WARN_UNUSED_VARIABLE = YES;
				IPHONEOS_DEPLOYMENT_TARGET = 17.2;
				LOCALIZATION_PREFERS_STRING_CATALOGS = YES;
				MTL_ENABLE_DEBUG_INFO = NO;
				MTL_FAST_MATH = YES;
				SDKROOT = iphoneos;
				SWIFT_COMPILATION_MODE = wholemodule;
				VALIDATE_PRODUCT = YES;
			};
			name = Release;
		};
		C2518EE32BE62E4A00061D51 /* Debug */ = {
			isa = XCBuildConfiguration;
			baseConfigurationReference = A5876FD62B1846508612A50D /* Pods-ImageGridApp.debug.xcconfig */;
			buildSettings = {
				ASSETCATALOG_COMPILER_APPICON_NAME = AppIcon;
				ASSETCATALOG_COMPILER_GLOBAL_ACCENT_COLOR_NAME = AccentColor;
				CODE_SIGN_STYLE = Automatic;
				CURRENT_PROJECT_VERSION = 1;
				DEVELOPMENT_TEAM = 6LNVK7X3C2;
				GENERATE_INFOPLIST_FILE = YES;
				INFOPLIST_FILE = ImageGridApp/Info.plist;
				INFOPLIST_KEY_UIApplicationSupportsIndirectInputEvents = YES;
				INFOPLIST_KEY_UILaunchStoryboardName = LaunchScreen;
				INFOPLIST_KEY_UIMainStoryboardFile = Main;
				INFOPLIST_KEY_UISupportedInterfaceOrientations_iPad = "UIInterfaceOrientationPortrait UIInterfaceOrientationPortraitUpsideDown UIInterfaceOrientationLandscapeLeft UIInterfaceOrientationLandscapeRight";
				INFOPLIST_KEY_UISupportedInterfaceOrientations_iPhone = "UIInterfaceOrientationPortrait UIInterfaceOrientationLandscapeLeft UIInterfaceOrientationLandscapeRight";
				LD_RUNPATH_SEARCH_PATHS = (
					"$(inherited)",
					"@executable_path/Frameworks",
				);
				MARKETING_VERSION = 1.0;
				PRODUCT_BUNDLE_IDENTIFIER = com.example1.ImageGridApp;
				PRODUCT_NAME = "$(TARGET_NAME)";
				SWIFT_EMIT_LOC_STRINGS = YES;
				SWIFT_VERSION = 5.0;
				TARGETED_DEVICE_FAMILY = "1,2";
			};
			name = Debug;
		};
		C2518EE42BE62E4A00061D51 /* Release */ = {
			isa = XCBuildConfiguration;
			baseConfigurationReference = A60C7E10A03FF6143E7D1651 /* Pods-ImageGridApp.release.xcconfig */;
			buildSettings = {
				ASSETCATALOG_COMPILER_APPICON_NAME = AppIcon;
				ASSETCATALOG_COMPILER_GLOBAL_ACCENT_COLOR_NAME = AccentColor;
				CODE_SIGN_STYLE = Automatic;
				CURRENT_PROJECT_VERSION = 1;
				DEVELOPMENT_TEAM = 6LNVK7X3C2;
				GENERATE_INFOPLIST_FILE = YES;
				INFOPLIST_FILE = ImageGridApp/Info.plist;
				INFOPLIST_KEY_UIApplicationSupportsIndirectInputEvents = YES;
				INFOPLIST_KEY_UILaunchStoryboardName = LaunchScreen;
				INFOPLIST_KEY_UIMainStoryboardFile = Main;
				INFOPLIST_KEY_UISupportedInterfaceOrientations_iPad = "UIInterfaceOrientationPortrait UIInterfaceOrientationPortraitUpsideDown UIInterfaceOrientationLandscapeLeft UIInterfaceOrientationLandscapeRight";
				INFOPLIST_KEY_UISupportedInterfaceOrientations_iPhone = "UIInterfaceOrientationPortrait UIInterfaceOrientationLandscapeLeft UIInterfaceOrientationLandscapeRight";
				LD_RUNPATH_SEARCH_PATHS = (
					"$(inherited)",
					"@executable_path/Frameworks",
				);
				MARKETING_VERSION = 1.0;
				PRODUCT_BUNDLE_IDENTIFIER = com.example1.ImageGridApp;
				PRODUCT_NAME = "$(TARGET_NAME)";
				SWIFT_EMIT_LOC_STRINGS = YES;
				SWIFT_VERSION = 5.0;
				TARGETED_DEVICE_FAMILY = "1,2";
			};
			name = Release;
		};
/* End XCBuildConfiguration section */

/* Begin XCConfigurationList section */
		C2518EC92BE62E4800061D51 /* Build configuration list for PBXProject "ImageGridApp" */ = {
			isa = XCConfigurationList;
			buildConfigurations = (
				C2518EE02BE62E4A00061D51 /* Debug */,
				C2518EE12BE62E4A00061D51 /* Release */,
			);
			defaultConfigurationIsVisible = 0;
			defaultConfigurationName = Release;
		};
		C2518EE22BE62E4A00061D51 /* Build configuration list for PBXNativeTarget "ImageGridApp" */ = {
			isa = XCConfigurationList;
			buildConfigurations = (
				C2518EE32BE62E4A00061D51 /* Debug */,
				C2518EE42BE62E4A00061D51 /* Release */,
			);
			defaultConfigurationIsVisible = 0;
			defaultConfigurationName = Release;
		};
/* End XCConfigurationList section */
	};
	rootObject = C2518EC62BE62E4800061D51 /* Project object */;
}
